github.com/davecgh/go-spew v1.1.1 h1:vj9j/u1bqnvCEfJOwUhtlOARqs3+rkHYY13jYWTU97c=
github.com/davecgh/go-spew v1.1.1/go.mod h1:J7Y8YcW2NihsgmVo/mv3lAwl/skON4iLHjSsI+c5H38=
github.com/saltperfect/goleet v0.0.0 h1:GlEgBARCxRRHk9xHwmgqb0z61WYr6y0yUjLzwpCS9hw=
github.com/saltperfect/goleet v0.0.0/go.mod h1:+NJT6q6opBqHIMw0I9UhswIBsgiX5Odr3dLmx/cGi78=
